
Microsoft Visual Studio Solution File, Format Version 12.00
# Visual Studio 2012
Project("{FAE04EC0-301F-11D3-BF4B-00C04F79EFBC}") = "GoishiHiroi", "GoishiHiroi\GoishiHiroi.csproj", "{6108A7BF-845E-42BF-848F-1BA17AC950FD}"
EndProject
Project("{2150E333-8FDC-42A3-9474-1A3956D46DE8}") = "Solution Items", "Solution Items", "{8BBBBBFE-0F59-48DF-8D45-8AAE8071C82F}"
	ProjectSection(SolutionItems) = preProject
		README.md = README.md
		LICENSE = LICENSE
	EndProjectSection
EndProject
Project("{FAE04EC0-301F-11D3-BF4B-00C04F79EFBC}") = "Coin15Puzzle", "Coin15Puzzle\Coin15Puzzle.csproj", "{AB982CBF-C71E-4BF3-9D7E-B524216D52B7}"
EndProject
Project("{FAE04EC0-301F-11D3-BF4B-00C04F79EFBC}") = "NQueenPuzzle", "NQueenPuzzle\NQueenPuzzle.csproj", "{092BB233-7430-4F74-8139-5EC3FF3837EA}"
EndProject
Project("{FAE04EC0-301F-11D3-BF4B-00C04F79EFBC}") = "KnightTour", "KnightTour\KnightTour.csproj", "{ADE52D7D-94A0-46DC-AF0D-1FB12F989A3A}"
EndProject
Project("{FAE04EC0-301F-11D3-BF4B-00C04F79EFBC}") = "HyperQueenPuzzle", "HyperQueenPuzzle\HyperQueenPuzzle.csproj", "{3799931B-0E72-4947-B42F-00D2AB583124}"
EndProject
Global
	GlobalSection(SolutionConfigurationPlatforms) = preSolution
		Debug|Any CPU = Debug|Any CPU
		Release|Any CPU = Release|Any CPU
	EndGlobalSection
	GlobalSection(ProjectConfigurationPlatforms) = postSolution
		{6108A7BF-845E-42BF-848F-1BA17AC950FD}.Debug|Any CPU.ActiveCfg = Debug|Any CPU
		{6108A7BF-845E-42BF-848F-1BA17AC950FD}.Debug|Any CPU.Build.0 = Debug|Any CPU
		{6108A7BF-845E-42BF-848F-1BA17AC950FD}.Release|Any CPU.ActiveCfg = Release|Any CPU
		{6108A7BF-845E-42BF-848F-1BA17AC950FD}.Release|Any CPU.Build.0 = Release|Any CPU
		{AB982CBF-C71E-4BF3-9D7E-B524216D52B7}.Debug|Any CPU.ActiveCfg = Debug|Any CPU
		{AB982CBF-C71E-4BF3-9D7E-B524216D52B7}.Debug|Any CPU.Build.0 = Debug|Any CPU
		{AB982CBF-C71E-4BF3-9D7E-B524216D52B7}.Release|Any CPU.ActiveCfg = Release|Any CPU
		{AB982CBF-C71E-4BF3-9D7E-B524216D52B7}.Release|Any CPU.Build.0 = Release|Any CPU
		{092BB233-7430-4F74-8139-5EC3FF3837EA}.Debug|Any CPU.ActiveCfg = Debug|Any CPU
		{092BB233-7430-4F74-8139-5EC3FF3837EA}.Debug|Any CPU.Build.0 = Debug|Any CPU
		{092BB233-7430-4F74-8139-5EC3FF3837EA}.Release|Any CPU.ActiveCfg = Release|Any CPU
		{092BB233-7430-4F74-8139-5EC3FF3837EA}.Release|Any CPU.Build.0 = Release|Any CPU
		{ADE52D7D-94A0-46DC-AF0D-1FB12F989A3A}.Debug|Any CPU.ActiveCfg = Debug|Any CPU
		{ADE52D7D-94A0-46DC-AF0D-1FB12F989A3A}.Debug|Any CPU.Build.0 = Debug|Any CPU
		{ADE52D7D-94A0-46DC-AF0D-1FB12F989A3A}.Release|Any CPU.ActiveCfg = Release|Any CPU
		{ADE52D7D-94A0-46DC-AF0D-1FB12F989A3A}.Release|Any CPU.Build.0 = Release|Any CPU
		{3799931B-0E72-4947-B42F-00D2AB583124}.Debug|Any CPU.ActiveCfg = Debug|Any CPU
		{3799931B-0E72-4947-B42F-00D2AB583124}.Debug|Any CPU.Build.0 = Debug|Any CPU
		{3799931B-0E72-4947-B42F-00D2AB583124}.Release|Any CPU.ActiveCfg = Release|Any CPU
		{3799931B-0E72-4947-B42F-00D2AB583124}.Release|Any CPU.Build.0 = Release|Any CPU
	EndGlobalSection
EndGlobal
