
Microsoft Visual Studio Solution File, Format Version 12.00
# Visual Studio 2012
Project("{FAE04EC0-301F-11D3-BF4B-00C04F79EFBC}") = "GoishiHiroi", "GoishiHiroi\GoishiHiroi.csproj", "{6108A7BF-845E-42BF-848F-1BA17AC950FD}"
EndProject
Project("{2150E333-8FDC-42A3-9474-1A3956D46DE8}") = "Solution Items", "Solution Items", "{8BBBBBFE-0F59-48DF-8D45-8AAE8071C82F}"
	ProjectSection(SolutionItems) = preProject
		README.md = README.md
		LICENSE = LICENSE
	EndProjectSection
EndProject
Project("{FAE04EC0-301F-11D3-BF4B-00C04F79EFBC}") = "Coin15Puzzle", "Coin15Puzzle\Coin15Puzzle.csproj", "{AB982CBF-C71E-4BF3-9D7E-B524216D52B7}"
EndProject
Project("{FAE04EC0-301F-11D3-BF4B-00C04F79EFBC}") = "NQueenPuzzle", "NQueenPuzzle\NQueenPuzzle.csproj", "{092BB233-7430-4F74-8139-5EC3FF3837EA}"
EndProject
Project("{FAE04EC0-301F-11D3-BF4B-00C04F79EFBC}") = "KnightTour", "KnightTour\KnightTour.csproj", "{ADE52D7D-94A0-46DC-AF0D-1FB12F989A3A}"
EndProject
Project("{FAE04EC0-301F-11D3-BF4B-00C04F79EFBC}") = "HyperQueenPuzzle", "HyperQueenPuzzle\HyperQueenPuzzle.csproj", "{3799931B-0E72-4947-B42F-00D2AB583124}"
EndProject
Project("{FAE04EC0-301F-11D3-BF4B-00C04F79EFBC}") = "ArrangementOfKnights", "ArrangementOfKnight\ArrangementOfKnights.csproj", "{F555D374-7751-49BC-8F0B-F8E7308A4807}"
EndProject
Project("{FAE04EC0-301F-11D3-BF4B-00C04F79EFBC}") = "CooperatedOthello", "CooperatedOthello\CooperatedOthello.csproj", "{2A645C10-5F1A-48A4-84A3-02560DBA9BBD}"
EndProject
Project("{FAE04EC0-301F-11D3-BF4B-00C04F79EFBC}") = "LessThanThreePuzzle", "LessThanThreePuzzle\LessThanThreePuzzle.csproj", "{AC0E2DE6-B4F3-48B9-858C-894A79A6E04E}"
EndProject
Project("{FAE04EC0-301F-11D3-BF4B-00C04F79EFBC}") = "NumberPlace", "NumberPlace\NumberPlace.csproj", "{7129504A-C1CE-4603-85FA-28E1F4A36C4C}"
EndProject
Project("{FAE04EC0-301F-11D3-BF4B-00C04F79EFBC}") = "baikago", "baikago\baikago.csproj", "{7C2F5328-6443-4AE6-BEA2-B71F6A313894}"
EndProject
Global
	GlobalSection(SolutionConfigurationPlatforms) = preSolution
		Debug|Any CPU = Debug|Any CPU
		Release|Any CPU = Release|Any CPU
	EndGlobalSection
	GlobalSection(ProjectConfigurationPlatforms) = postSolution
		{6108A7BF-845E-42BF-848F-1BA17AC950FD}.Debug|Any CPU.ActiveCfg = Debug|Any CPU
		{6108A7BF-845E-42BF-848F-1BA17AC950FD}.Debug|Any CPU.Build.0 = Debug|Any CPU
		{6108A7BF-845E-42BF-848F-1BA17AC950FD}.Release|Any CPU.ActiveCfg = Release|Any CPU
		{6108A7BF-845E-42BF-848F-1BA17AC950FD}.Release|Any CPU.Build.0 = Release|Any CPU
		{AB982CBF-C71E-4BF3-9D7E-B524216D52B7}.Debug|Any CPU.ActiveCfg = Debug|Any CPU
		{AB982CBF-C71E-4BF3-9D7E-B524216D52B7}.Debug|Any CPU.Build.0 = Debug|Any CPU
		{AB982CBF-C71E-4BF3-9D7E-B524216D52B7}.Release|Any CPU.ActiveCfg = Release|Any CPU
		{AB982CBF-C71E-4BF3-9D7E-B524216D52B7}.Release|Any CPU.Build.0 = Release|Any CPU
		{092BB233-7430-4F74-8139-5EC3FF3837EA}.Debug|Any CPU.ActiveCfg = Debug|Any CPU
		{092BB233-7430-4F74-8139-5EC3FF3837EA}.Debug|Any CPU.Build.0 = Debug|Any CPU
		{092BB233-7430-4F74-8139-5EC3FF3837EA}.Release|Any CPU.ActiveCfg = Release|Any CPU
		{092BB233-7430-4F74-8139-5EC3FF3837EA}.Release|Any CPU.Build.0 = Release|Any CPU
		{ADE52D7D-94A0-46DC-AF0D-1FB12F989A3A}.Debug|Any CPU.ActiveCfg = Debug|Any CPU
		{ADE52D7D-94A0-46DC-AF0D-1FB12F989A3A}.Debug|Any CPU.Build.0 = Debug|Any CPU
		{ADE52D7D-94A0-46DC-AF0D-1FB12F989A3A}.Release|Any CPU.ActiveCfg = Release|Any CPU
		{ADE52D7D-94A0-46DC-AF0D-1FB12F989A3A}.Release|Any CPU.Build.0 = Release|Any CPU
		{3799931B-0E72-4947-B42F-00D2AB583124}.Debug|Any CPU.ActiveCfg = Debug|Any CPU
		{3799931B-0E72-4947-B42F-00D2AB583124}.Debug|Any CPU.Build.0 = Debug|Any CPU
		{3799931B-0E72-4947-B42F-00D2AB583124}.Release|Any CPU.ActiveCfg = Release|Any CPU
		{3799931B-0E72-4947-B42F-00D2AB583124}.Release|Any CPU.Build.0 = Release|Any CPU
		{F555D374-7751-49BC-8F0B-F8E7308A4807}.Debug|Any CPU.ActiveCfg = Debug|Any CPU
		{F555D374-7751-49BC-8F0B-F8E7308A4807}.Debug|Any CPU.Build.0 = Debug|Any CPU
		{F555D374-7751-49BC-8F0B-F8E7308A4807}.Release|Any CPU.ActiveCfg = Release|Any CPU
		{F555D374-7751-49BC-8F0B-F8E7308A4807}.Release|Any CPU.Build.0 = Release|Any CPU
		{2A645C10-5F1A-48A4-84A3-02560DBA9BBD}.Debug|Any CPU.ActiveCfg = Debug|Any CPU
		{2A645C10-5F1A-48A4-84A3-02560DBA9BBD}.Debug|Any CPU.Build.0 = Debug|Any CPU
		{2A645C10-5F1A-48A4-84A3-02560DBA9BBD}.Release|Any CPU.ActiveCfg = Release|Any CPU
		{2A645C10-5F1A-48A4-84A3-02560DBA9BBD}.Release|Any CPU.Build.0 = Release|Any CPU
		{AC0E2DE6-B4F3-48B9-858C-894A79A6E04E}.Debug|Any CPU.ActiveCfg = Debug|Any CPU
		{AC0E2DE6-B4F3-48B9-858C-894A79A6E04E}.Debug|Any CPU.Build.0 = Debug|Any CPU
		{AC0E2DE6-B4F3-48B9-858C-894A79A6E04E}.Release|Any CPU.ActiveCfg = Release|Any CPU
		{AC0E2DE6-B4F3-48B9-858C-894A79A6E04E}.Release|Any CPU.Build.0 = Release|Any CPU
		{7129504A-C1CE-4603-85FA-28E1F4A36C4C}.Debug|Any CPU.ActiveCfg = Debug|Any CPU
		{7129504A-C1CE-4603-85FA-28E1F4A36C4C}.Debug|Any CPU.Build.0 = Debug|Any CPU
		{7129504A-C1CE-4603-85FA-28E1F4A36C4C}.Release|Any CPU.ActiveCfg = Release|Any CPU
		{7129504A-C1CE-4603-85FA-28E1F4A36C4C}.Release|Any CPU.Build.0 = Release|Any CPU
		{7C2F5328-6443-4AE6-BEA2-B71F6A313894}.Debug|Any CPU.ActiveCfg = Debug|Any CPU
		{7C2F5328-6443-4AE6-BEA2-B71F6A313894}.Debug|Any CPU.Build.0 = Debug|Any CPU
		{7C2F5328-6443-4AE6-BEA2-B71F6A313894}.Release|Any CPU.ActiveCfg = Release|Any CPU
		{7C2F5328-6443-4AE6-BEA2-B71F6A313894}.Release|Any CPU.Build.0 = Release|Any CPU
	EndGlobalSection
	GlobalSection(MonoDevelopProperties) = preSolution
		Policies = $0
		$0.DotNetNamingPolicy = $1
		$1.DirectoryNamespaceAssociation = PrefixedHierarchical
		$0.TextStylePolicy = $2
		$2.TabsToSpaces = True
		$2.EolMarker = Unix
		$2.scope = text/x-csharp
		$0.CSharpFormattingPolicy = $3
		$3.scope = text/x-csharp
		$0.VersionControlPolicy = $4
	EndGlobalSection
EndGlobal
